
Microsoft Visual Studio Solution File, Format Version 12.00
# Visual Studio 15
VisualStudioVersion = 15.0.27428.2043
MinimumVisualStudioVersion = 10.0.40219.1
Project("{9A19103F-16F7-4668-BE54-9A1E7A4F7556}") = "LangParser", "LangParser\LangParser.csproj", "{D4872B88-7FF6-41D8-B1A9-1076524605C1}"
EndProject
Project("{9A19103F-16F7-4668-BE54-9A1E7A4F7556}") = "LangParser.Tests", "LangParser.Tests\LangParser.Tests.csproj", "{9FDBF741-EAE7-4D7C-A4F8-BEE5675741BF}"
EndProject
Global
	GlobalSection(SolutionConfigurationPlatforms) = preSolution
		Debug|Any CPU = Debug|Any CPU
		Release|Any CPU = Release|Any CPU
	EndGlobalSection
	GlobalSection(ProjectConfigurationPlatforms) = postSolution
		{D4872B88-7FF6-41D8-B1A9-1076524605C1}.Debug|Any CPU.ActiveCfg = Debug|Any CPU
		{D4872B88-7FF6-41D8-B1A9-1076524605C1}.Debug|Any CPU.Build.0 = Debug|Any CPU
		{D4872B88-7FF6-41D8-B1A9-1076524605C1}.Release|Any CPU.ActiveCfg = Release|Any CPU
		{D4872B88-7FF6-41D8-B1A9-1076524605C1}.Release|Any CPU.Build.0 = Release|Any CPU
		{9FDBF741-EAE7-4D7C-A4F8-BEE5675741BF}.Debug|Any CPU.ActiveCfg = Debug|Any CPU
		{9FDBF741-EAE7-4D7C-A4F8-BEE5675741BF}.Debug|Any CPU.Build.0 = Debug|Any CPU
		{9FDBF741-EAE7-4D7C-A4F8-BEE5675741BF}.Release|Any CPU.ActiveCfg = Release|Any CPU
		{9FDBF741-EAE7-4D7C-A4F8-BEE5675741BF}.Release|Any CPU.Build.0 = Release|Any CPU
	EndGlobalSection
	GlobalSection(SolutionProperties) = preSolution
		HideSolutionNode = FALSE
	EndGlobalSection
	GlobalSection(ExtensibilityGlobals) = postSolution
		SolutionGuid = {22919618-5AFA-40D7-AAAE-5FBC62E16CB7}
	EndGlobalSection
EndGlobal
